// !$*UTF8*$!
{
	archiveVersion = 1;
	classes = {
	};
	objectVersion = 56;
	objects = {

/* Begin PBXBuildFile section */
		4921245B2BE9BEB800B83AA3 /* UsersModel.swift in Sources */ = {isa = PBXBuildFile; fileRef = 4921245A2BE9BEB800B83AA3 /* UsersModel.swift */; };
		4921245D2BE9BF3600B83AA3 /* LoginViewModel.swift in Sources */ = {isa = PBXBuildFile; fileRef = 4921245C2BE9BF3600B83AA3 /* LoginViewModel.swift */; };
		4941DAA12BE85F0A0096E706 /* AppEntry.swift in Sources */ = {isa = PBXBuildFile; fileRef = 4941DAA02BE85F0A0096E706 /* AppEntry.swift */; };
		4941DAA32BE868740096E706 /* SignUpView.swift in Sources */ = {isa = PBXBuildFile; fileRef = 4941DAA22BE868740096E706 /* SignUpView.swift */; };
		4941DAA62BE885980096E706 /* LoginView.swift in Sources */ = {isa = PBXBuildFile; fileRef = 4941DAA52BE885980096E706 /* LoginView.swift */; };
		CB1F320C2BE8F21D0002CC14 /* SettingView.swift in Sources */ = {isa = PBXBuildFile; fileRef = CB1F320B2BE8F21D0002CC14 /* SettingView.swift */; };
		CB1F320E2BE8F24F0002CC14 /* MyProfileView.swift in Sources */ = {isa = PBXBuildFile; fileRef = CB1F320D2BE8F24F0002CC14 /* MyProfileView.swift */; };
		CB1F32102BE8F28E0002CC14 /* SecureTextField.swift in Sources */ = {isa = PBXBuildFile; fileRef = CB1F320F2BE8F28E0002CC14 /* SecureTextField.swift */; };
		CB1F32142BE8F37F0002CC14 /* ProfileViewModel.swift in Sources */ = {isa = PBXBuildFile; fileRef = CB1F32132BE8F37F0002CC14 /* ProfileViewModel.swift */; };
		CB1F32172BE9075C0002CC14 /* FavCountryView.swift in Sources */ = {isa = PBXBuildFile; fileRef = CB1F32162BE9075C0002CC14 /* FavCountryView.swift */; };
		CB2F36422BE7ADB9005BCE7C /* HomeView.swift in Sources */ = {isa = PBXBuildFile; fileRef = CB2F36412BE7ADB9005BCE7C /* HomeView.swift */; };
		CB2F36442BE7ADC6005BCE7C /* MapView.swift in Sources */ = {isa = PBXBuildFile; fileRef = CB2F36432BE7ADC6005BCE7C /* MapView.swift */; };
		CB2F36482BE7ADF0005BCE7C /* CountryListView.swift in Sources */ = {isa = PBXBuildFile; fileRef = CB2F36472BE7ADF0005BCE7C /* CountryListView.swift */; };
		CB2F364A2BE7AE0D005BCE7C /* TabBar.swift in Sources */ = {isa = PBXBuildFile; fileRef = CB2F36492BE7AE0D005BCE7C /* TabBar.swift */; };
		CB2F364C2BE7AE19005BCE7C /* TabButton.swift in Sources */ = {isa = PBXBuildFile; fileRef = CB2F364B2BE7AE19005BCE7C /* TabButton.swift */; };
		CB2F364E2BE7AE29005BCE7C /* CountryInfoView.swift in Sources */ = {isa = PBXBuildFile; fileRef = CB2F364D2BE7AE29005BCE7C /* CountryInfoView.swift */; };
		CB2F36522BE7AE4A005BCE7C /* EditProfileView.swift in Sources */ = {isa = PBXBuildFile; fileRef = CB2F36512BE7AE4A005BCE7C /* EditProfileView.swift */; };
		CB2F36562BE7AE89005BCE7C /* MontserratAlternates-SemiBold.ttf in Resources */ = {isa = PBXBuildFile; fileRef = CB2F36552BE7AE89005BCE7C /* MontserratAlternates-SemiBold.ttf */; };
		CB4D2B802BDB44BC004FC20C /* CountryDiscoveryApp.swift in Sources */ = {isa = PBXBuildFile; fileRef = CB4D2B7F2BDB44BC004FC20C /* CountryDiscoveryApp.swift */; };
		CB4D2B842BDB44BD004FC20C /* Assets.xcassets in Resources */ = {isa = PBXBuildFile; fileRef = CB4D2B832BDB44BD004FC20C /* Assets.xcassets */; };
		CB4D2B872BDB44BD004FC20C /* Preview Assets.xcassets in Resources */ = {isa = PBXBuildFile; fileRef = CB4D2B862BDB44BD004FC20C /* Preview Assets.xcassets */; };
		DDC2E1CA2BE8D577001EBC09 /* UserModel.swift in Sources */ = {isa = PBXBuildFile; fileRef = DDC2E1C92BE8D577001EBC09 /* UserModel.swift */; };
/* End PBXBuildFile section */

/* Begin PBXFileReference section */
		4921245A2BE9BEB800B83AA3 /* UsersModel.swift */ = {isa = PBXFileReference; lastKnownFileType = sourcecode.swift; path = UsersModel.swift; sourceTree = "<group>"; };
		4921245C2BE9BF3600B83AA3 /* LoginViewModel.swift */ = {isa = PBXFileReference; lastKnownFileType = sourcecode.swift; path = LoginViewModel.swift; sourceTree = "<group>"; };
		4941DAA02BE85F0A0096E706 /* AppEntry.swift */ = {isa = PBXFileReference; lastKnownFileType = sourcecode.swift; path = AppEntry.swift; sourceTree = "<group>"; };
		4941DAA22BE868740096E706 /* SignUpView.swift */ = {isa = PBXFileReference; lastKnownFileType = sourcecode.swift; path = SignUpView.swift; sourceTree = "<group>"; };
		4941DAA52BE885980096E706 /* LoginView.swift */ = {isa = PBXFileReference; lastKnownFileType = sourcecode.swift; path = LoginView.swift; sourceTree = "<group>"; };
		CB1F320B2BE8F21D0002CC14 /* SettingView.swift */ = {isa = PBXFileReference; lastKnownFileType = sourcecode.swift; path = SettingView.swift; sourceTree = "<group>"; };
		CB1F320D2BE8F24F0002CC14 /* MyProfileView.swift */ = {isa = PBXFileReference; lastKnownFileType = sourcecode.swift; path = MyProfileView.swift; sourceTree = "<group>"; };
		CB1F320F2BE8F28E0002CC14 /* SecureTextField.swift */ = {isa = PBXFileReference; lastKnownFileType = sourcecode.swift; path = SecureTextField.swift; sourceTree = "<group>"; };
		CB1F32132BE8F37F0002CC14 /* ProfileViewModel.swift */ = {isa = PBXFileReference; lastKnownFileType = sourcecode.swift; path = ProfileViewModel.swift; sourceTree = "<group>"; };
		CB1F32162BE9075C0002CC14 /* FavCountryView.swift */ = {isa = PBXFileReference; lastKnownFileType = sourcecode.swift; path = FavCountryView.swift; sourceTree = "<group>"; };
		CB2F36412BE7ADB9005BCE7C /* HomeView.swift */ = {isa = PBXFileReference; lastKnownFileType = sourcecode.swift; path = HomeView.swift; sourceTree = "<group>"; };
		CB2F36432BE7ADC6005BCE7C /* MapView.swift */ = {isa = PBXFileReference; lastKnownFileType = sourcecode.swift; path = MapView.swift; sourceTree = "<group>"; };
		CB2F36472BE7ADF0005BCE7C /* CountryListView.swift */ = {isa = PBXFileReference; lastKnownFileType = sourcecode.swift; path = CountryListView.swift; sourceTree = "<group>"; };
		CB2F36492BE7AE0D005BCE7C /* TabBar.swift */ = {isa = PBXFileReference; lastKnownFileType = sourcecode.swift; path = TabBar.swift; sourceTree = "<group>"; };
		CB2F364B2BE7AE19005BCE7C /* TabButton.swift */ = {isa = PBXFileReference; lastKnownFileType = sourcecode.swift; path = TabButton.swift; sourceTree = "<group>"; };
		CB2F364D2BE7AE29005BCE7C /* CountryInfoView.swift */ = {isa = PBXFileReference; lastKnownFileType = sourcecode.swift; path = CountryInfoView.swift; sourceTree = "<group>"; };
		CB2F36512BE7AE4A005BCE7C /* EditProfileView.swift */ = {isa = PBXFileReference; lastKnownFileType = sourcecode.swift; path = EditProfileView.swift; sourceTree = "<group>"; };
		CB2F36552BE7AE89005BCE7C /* MontserratAlternates-SemiBold.ttf */ = {isa = PBXFileReference; lastKnownFileType = file; path = "MontserratAlternates-SemiBold.ttf"; sourceTree = "<group>"; };
		CB2F36572BE7AE98005BCE7C /* Info.plist */ = {isa = PBXFileReference; lastKnownFileType = text.plist; path = Info.plist; sourceTree = "<group>"; };
		CB4D2B7C2BDB44BC004FC20C /* iOS-Assignment3.app */ = {isa = PBXFileReference; explicitFileType = wrapper.application; includeInIndex = 0; path = "iOS-Assignment3.app"; sourceTree = BUILT_PRODUCTS_DIR; };
		CB4D2B7F2BDB44BC004FC20C /* CountryDiscoveryApp.swift */ = {isa = PBXFileReference; lastKnownFileType = sourcecode.swift; path = CountryDiscoveryApp.swift; sourceTree = "<group>"; };
		CB4D2B832BDB44BD004FC20C /* Assets.xcassets */ = {isa = PBXFileReference; lastKnownFileType = folder.assetcatalog; path = Assets.xcassets; sourceTree = "<group>"; };
		CB4D2B862BDB44BD004FC20C /* Preview Assets.xcassets */ = {isa = PBXFileReference; lastKnownFileType = folder.assetcatalog; path = "Preview Assets.xcassets"; sourceTree = "<group>"; };
		DDC2E1C92BE8D577001EBC09 /* UserModel.swift */ = {isa = PBXFileReference; lastKnownFileType = sourcecode.swift; path = UserModel.swift; sourceTree = "<group>"; };
/* End PBXFileReference section */

/* Begin PBXFrameworksBuildPhase section */
		CB4D2B792BDB44BC004FC20C /* Frameworks */ = {
			isa = PBXFrameworksBuildPhase;
			buildActionMask = 2147483647;
			files = (
			);
			runOnlyForDeploymentPostprocessing = 0;
		};
/* End PBXFrameworksBuildPhase section */

/* Begin PBXGroup section */
		4941DAA42BE8687B0096E706 /* AppEntry */ = {
			isa = PBXGroup;
			children = (
				4941DAA02BE85F0A0096E706 /* AppEntry.swift */,
				4941DAA52BE885980096E706 /* LoginView.swift */,
				4941DAA22BE868740096E706 /* SignUpView.swift */,
			);
			path = AppEntry;
			sourceTree = "<group>";
		};
		4941DAE42BE88B080096E706 /* TabView */ = {
			isa = PBXGroup;
			children = (
				CB2F364B2BE7AE19005BCE7C /* TabButton.swift */,
				CB2F36492BE7AE0D005BCE7C /* TabBar.swift */,
			);
			path = TabView;
			sourceTree = "<group>";
		};
		CB1F32122BE8F3650002CC14 /* ViewModel */ = {
			isa = PBXGroup;
			children = (
				CB1F32132BE8F37F0002CC14 /* ProfileViewModel.swift */,
				4921245C2BE9BF3600B83AA3 /* LoginViewModel.swift */,
			);
			name = ViewModel;
			path = Model/ViewModel;
			sourceTree = "<group>";
		};
		CB1F32152BE8FCA50002CC14 /* SettingView */ = {
			isa = PBXGroup;
			children = (
				CB1F320B2BE8F21D0002CC14 /* SettingView.swift */,
				CB1F320D2BE8F24F0002CC14 /* MyProfileView.swift */,
				CB2F36512BE7AE4A005BCE7C /* EditProfileView.swift */,
				CB1F32162BE9075C0002CC14 /* FavCountryView.swift */,
			);
			path = SettingView;
			sourceTree = "<group>";
		};
		CB2F363D2BE7AD5D005BCE7C /* View */ = {
			isa = PBXGroup;
			children = (
				4941DAA42BE8687B0096E706 /* AppEntry */,
				CB2F36412BE7ADB9005BCE7C /* HomeView.swift */,
				4941DAE42BE88B080096E706 /* TabView */,
				CB2F36432BE7ADC6005BCE7C /* MapView.swift */,
				CB2F36472BE7ADF0005BCE7C /* CountryListView.swift */,
				CB2F364D2BE7AE29005BCE7C /* CountryInfoView.swift */,
				CB1F320F2BE8F28E0002CC14 /* SecureTextField.swift */,
				CB1F32152BE8FCA50002CC14 /* SettingView */,
			);
			path = View;
			sourceTree = "<group>";
		};
		CB2F36402BE7AD85005BCE7C /* Fonts */ = {
			isa = PBXGroup;
			children = (
				CB2F36552BE7AE89005BCE7C /* MontserratAlternates-SemiBold.ttf */,
			);
			path = Fonts;
			sourceTree = "<group>";
		};
		CB4D2B732BDB44BC004FC20C = {
			isa = PBXGroup;
			children = (
				CB4D2B7E2BDB44BC004FC20C /* iOS-Assignment3 */,
				CB4D2B7D2BDB44BC004FC20C /* Products */,
			);
			sourceTree = "<group>";
		};
		CB4D2B7D2BDB44BC004FC20C /* Products */ = {
			isa = PBXGroup;
			children = (
				CB4D2B7C2BDB44BC004FC20C /* iOS-Assignment3.app */,
			);
			name = Products;
			sourceTree = "<group>";
		};
		CB4D2B7E2BDB44BC004FC20C /* iOS-Assignment3 */ = {
			isa = PBXGroup;
			children = (
				CB2F36572BE7AE98005BCE7C /* Info.plist */,
				CB4D2B7F2BDB44BC004FC20C /* CountryDiscoveryApp.swift */,
				DDC2E1C82BE8D552001EBC09 /* Model */,
				CB1F32122BE8F3650002CC14 /* ViewModel */,
				CB2F363D2BE7AD5D005BCE7C /* View */,
				CB2F36402BE7AD85005BCE7C /* Fonts */,
				CB4D2B832BDB44BD004FC20C /* Assets.xcassets */,
				CB4D2B852BDB44BD004FC20C /* Preview Content */,
			);
			path = "iOS-Assignment3";
			sourceTree = "<group>";
		};
		CB4D2B852BDB44BD004FC20C /* Preview Content */ = {
			isa = PBXGroup;
			children = (
				CB4D2B862BDB44BD004FC20C /* Preview Assets.xcassets */,
			);
			path = "Preview Content";
			sourceTree = "<group>";
		};
		DDC2E1C82BE8D552001EBC09 /* Model */ = {
			isa = PBXGroup;
			children = (
				DDC2E1C92BE8D577001EBC09 /* UserModel.swift */,
				4921245A2BE9BEB800B83AA3 /* UsersModel.swift */,
			);
			path = Model;
			sourceTree = "<group>";
		};
/* End PBXGroup section */

/* Begin PBXNativeTarget section */
		CB4D2B7B2BDB44BC004FC20C /* iOS-Assignment3 */ = {
			isa = PBXNativeTarget;
			buildConfigurationList = CB4D2B8A2BDB44BD004FC20C /* Build configuration list for PBXNativeTarget "iOS-Assignment3" */;
			buildPhases = (
				CB4D2B782BDB44BC004FC20C /* Sources */,
				CB4D2B792BDB44BC004FC20C /* Frameworks */,
				CB4D2B7A2BDB44BC004FC20C /* Resources */,
			);
			buildRules = (
			);
			dependencies = (
			);
			name = "iOS-Assignment3";
			productName = "iOS-Assignment3";
			productReference = CB4D2B7C2BDB44BC004FC20C /* iOS-Assignment3.app */;
			productType = "com.apple.product-type.application";
		};
/* End PBXNativeTarget section */

/* Begin PBXProject section */
		CB4D2B742BDB44BC004FC20C /* Project object */ = {
			isa = PBXProject;
			attributes = {
				BuildIndependentTargetsInParallel = 1;
				LastSwiftUpdateCheck = 1530;
				LastUpgradeCheck = 1530;
				TargetAttributes = {
					CB4D2B7B2BDB44BC004FC20C = {
						CreatedOnToolsVersion = 15.3;
					};
				};
			};
			buildConfigurationList = CB4D2B772BDB44BC004FC20C /* Build configuration list for PBXProject "iOS-Assignment3" */;
			compatibilityVersion = "Xcode 14.0";
			developmentRegion = en;
			hasScannedForEncodings = 0;
			knownRegions = (
				en,
				Base,
			);
			mainGroup = CB4D2B732BDB44BC004FC20C;
			productRefGroup = CB4D2B7D2BDB44BC004FC20C /* Products */;
			projectDirPath = "";
			projectRoot = "";
			targets = (
				CB4D2B7B2BDB44BC004FC20C /* iOS-Assignment3 */,
			);
		};
/* End PBXProject section */

/* Begin PBXResourcesBuildPhase section */
		CB4D2B7A2BDB44BC004FC20C /* Resources */ = {
			isa = PBXResourcesBuildPhase;
			buildActionMask = 2147483647;
			files = (
				CB2F36562BE7AE89005BCE7C /* MontserratAlternates-SemiBold.ttf in Resources */,
				CB4D2B872BDB44BD004FC20C /* Preview Assets.xcassets in Resources */,
				CB4D2B842BDB44BD004FC20C /* Assets.xcassets in Resources */,
			);
			runOnlyForDeploymentPostprocessing = 0;
		};
/* End PBXResourcesBuildPhase section */

/* Begin PBXSourcesBuildPhase section */
		CB4D2B782BDB44BC004FC20C /* Sources */ = {
			isa = PBXSourcesBuildPhase;
			buildActionMask = 2147483647;
			files = (
				CB1F32102BE8F28E0002CC14 /* SecureTextField.swift in Sources */,
				CB1F32172BE9075C0002CC14 /* FavCountryView.swift in Sources */,
				CB2F36522BE7AE4A005BCE7C /* EditProfileView.swift in Sources */,
				CB4D2B802BDB44BC004FC20C /* CountryDiscoveryApp.swift in Sources */,
				CB1F320C2BE8F21D0002CC14 /* SettingView.swift in Sources */,
				4941DAA32BE868740096E706 /* SignUpView.swift in Sources */,
				CB2F36442BE7ADC6005BCE7C /* MapView.swift in Sources */,
				CB2F364E2BE7AE29005BCE7C /* CountryInfoView.swift in Sources */,
				4921245B2BE9BEB800B83AA3 /* UsersModel.swift in Sources */,
				CB2F36422BE7ADB9005BCE7C /* HomeView.swift in Sources */,
				DDC2E1CA2BE8D577001EBC09 /* UserModel.swift in Sources */,
				CB2F364C2BE7AE19005BCE7C /* TabButton.swift in Sources */,
				CB1F320E2BE8F24F0002CC14 /* MyProfileView.swift in Sources */,
				4941DAA12BE85F0A0096E706 /* AppEntry.swift in Sources */,
				CB1F32142BE8F37F0002CC14 /* ProfileViewModel.swift in Sources */,
				4941DAA62BE885980096E706 /* LoginView.swift in Sources */,
				CB2F36482BE7ADF0005BCE7C /* CountryListView.swift in Sources */,
				4921245D2BE9BF3600B83AA3 /* LoginViewModel.swift in Sources */,
				CB2F364A2BE7AE0D005BCE7C /* TabBar.swift in Sources */,
			);
			runOnlyForDeploymentPostprocessing = 0;
		};
/* End PBXSourcesBuildPhase section */

/* Begin XCBuildConfiguration section */
		CB4D2B882BDB44BD004FC20C /* Debug */ = {
			isa = XCBuildConfiguration;
			buildSettings = {
				ALWAYS_SEARCH_USER_PATHS = NO;
				ASSETCATALOG_COMPILER_GENERATE_SWIFT_ASSET_SYMBOL_EXTENSIONS = YES;
				CLANG_ANALYZER_NONNULL = YES;
				CLANG_ANALYZER_NUMBER_OBJECT_CONVERSION = YES_AGGRESSIVE;
				CLANG_CXX_LANGUAGE_STANDARD = "gnu++20";
				CLANG_ENABLE_MODULES = YES;
				CLANG_ENABLE_OBJC_ARC = YES;
				CLANG_ENABLE_OBJC_WEAK = YES;
				CLANG_WARN_BLOCK_CAPTURE_AUTORELEASING = YES;
				CLANG_WARN_BOOL_CONVERSION = YES;
				CLANG_WARN_COMMA = YES;
				CLANG_WARN_CONSTANT_CONVERSION = YES;
				CLANG_WARN_DEPRECATED_OBJC_IMPLEMENTATIONS = YES;
				CLANG_WARN_DIRECT_OBJC_ISA_USAGE = YES_ERROR;
				CLANG_WARN_DOCUMENTATION_COMMENTS = YES;
				CLANG_WARN_EMPTY_BODY = YES;
				CLANG_WARN_ENUM_CONVERSION = YES;
				CLANG_WARN_INFINITE_RECURSION = YES;
				CLANG_WARN_INT_CONVERSION = YES;
				CLANG_WARN_NON_LITERAL_NULL_CONVERSION = YES;
				CLANG_WARN_OBJC_IMPLICIT_RETAIN_SELF = YES;
				CLANG_WARN_OBJC_LITERAL_CONVERSION = YES;
				CLANG_WARN_OBJC_ROOT_CLASS = YES_ERROR;
				CLANG_WARN_QUOTED_INCLUDE_IN_FRAMEWORK_HEADER = YES;
				CLANG_WARN_RANGE_LOOP_ANALYSIS = YES;
				CLANG_WARN_STRICT_PROTOTYPES = YES;
				CLANG_WARN_SUSPICIOUS_MOVE = YES;
				CLANG_WARN_UNGUARDED_AVAILABILITY = YES_AGGRESSIVE;
				CLANG_WARN_UNREACHABLE_CODE = YES;
				CLANG_WARN__DUPLICATE_METHOD_MATCH = YES;
				COPY_PHASE_STRIP = NO;
				DEBUG_INFORMATION_FORMAT = dwarf;
				ENABLE_STRICT_OBJC_MSGSEND = YES;
				ENABLE_TESTABILITY = YES;
				ENABLE_USER_SCRIPT_SANDBOXING = YES;
				GCC_C_LANGUAGE_STANDARD = gnu17;
				GCC_DYNAMIC_NO_PIC = NO;
				GCC_NO_COMMON_BLOCKS = YES;
				GCC_OPTIMIZATION_LEVEL = 0;
				GCC_PREPROCESSOR_DEFINITIONS = (
					"DEBUG=1",
					"$(inherited)",
				);
				GCC_WARN_64_TO_32_BIT_CONVERSION = YES;
				GCC_WARN_ABOUT_RETURN_TYPE = YES_ERROR;
				GCC_WARN_UNDECLARED_SELECTOR = YES;
				GCC_WARN_UNINITIALIZED_AUTOS = YES_AGGRESSIVE;
				GCC_WARN_UNUSED_FUNCTION = YES;
				GCC_WARN_UNUSED_VARIABLE = YES;
				IPHONEOS_DEPLOYMENT_TARGET = 17.4;
				LOCALIZATION_PREFERS_STRING_CATALOGS = YES;
				MTL_ENABLE_DEBUG_INFO = INCLUDE_SOURCE;
				MTL_FAST_MATH = YES;
				ONLY_ACTIVE_ARCH = YES;
				SDKROOT = iphoneos;
				SWIFT_ACTIVE_COMPILATION_CONDITIONS = "DEBUG $(inherited)";
				SWIFT_OPTIMIZATION_LEVEL = "-Onone";
			};
			name = Debug;
		};
		CB4D2B892BDB44BD004FC20C /* Release */ = {
			isa = XCBuildConfiguration;
			buildSettings = {
				ALWAYS_SEARCH_USER_PATHS = NO;
				ASSETCATALOG_COMPILER_GENERATE_SWIFT_ASSET_SYMBOL_EXTENSIONS = YES;
				CLANG_ANALYZER_NONNULL = YES;
				CLANG_ANALYZER_NUMBER_OBJECT_CONVERSION = YES_AGGRESSIVE;
				CLANG_CXX_LANGUAGE_STANDARD = "gnu++20";
				CLANG_ENABLE_MODULES = YES;
				CLANG_ENABLE_OBJC_ARC = YES;
				CLANG_ENABLE_OBJC_WEAK = YES;
				CLANG_WARN_BLOCK_CAPTURE_AUTORELEASING = YES;
				CLANG_WARN_BOOL_CONVERSION = YES;
				CLANG_WARN_COMMA = YES;
				CLANG_WARN_CONSTANT_CONVERSION = YES;
				CLANG_WARN_DEPRECATED_OBJC_IMPLEMENTATIONS = YES;
				CLANG_WARN_DIRECT_OBJC_ISA_USAGE = YES_ERROR;
				CLANG_WARN_DOCUMENTATION_COMMENTS = YES;
				CLANG_WARN_EMPTY_BODY = YES;
				CLANG_WARN_ENUM_CONVERSION = YES;
				CLANG_WARN_INFINITE_RECURSION = YES;
				CLANG_WARN_INT_CONVERSION = YES;
				CLANG_WARN_NON_LITERAL_NULL_CONVERSION = YES;
				CLANG_WARN_OBJC_IMPLICIT_RETAIN_SELF = YES;
				CLANG_WARN_OBJC_LITERAL_CONVERSION = YES;
				CLANG_WARN_OBJC_ROOT_CLASS = YES_ERROR;
				CLANG_WARN_QUOTED_INCLUDE_IN_FRAMEWORK_HEADER = YES;
				CLANG_WARN_RANGE_LOOP_ANALYSIS = YES;
				CLANG_WARN_STRICT_PROTOTYPES = YES;
				CLANG_WARN_SUSPICIOUS_MOVE = YES;
				CLANG_WARN_UNGUARDED_AVAILABILITY = YES_AGGRESSIVE;
				CLANG_WARN_UNREACHABLE_CODE = YES;
				CLANG_WARN__DUPLICATE_METHOD_MATCH = YES;
				COPY_PHASE_STRIP = NO;
				DEBUG_INFORMATION_FORMAT = "dwarf-with-dsym";
				ENABLE_NS_ASSERTIONS = NO;
				ENABLE_STRICT_OBJC_MSGSEND = YES;
				ENABLE_USER_SCRIPT_SANDBOXING = YES;
				GCC_C_LANGUAGE_STANDARD = gnu17;
				GCC_NO_COMMON_BLOCKS = YES;
				GCC_WARN_64_TO_32_BIT_CONVERSION = YES;
				GCC_WARN_ABOUT_RETURN_TYPE = YES_ERROR;
				GCC_WARN_UNDECLARED_SELECTOR = YES;
				GCC_WARN_UNINITIALIZED_AUTOS = YES_AGGRESSIVE;
				GCC_WARN_UNUSED_FUNCTION = YES;
				GCC_WARN_UNUSED_VARIABLE = YES;
				IPHONEOS_DEPLOYMENT_TARGET = 17.4;
				LOCALIZATION_PREFERS_STRING_CATALOGS = YES;
				MTL_ENABLE_DEBUG_INFO = NO;
				MTL_FAST_MATH = YES;
				SDKROOT = iphoneos;
				SWIFT_COMPILATION_MODE = wholemodule;
				VALIDATE_PRODUCT = YES;
			};
			name = Release;
		};
		CB4D2B8B2BDB44BD004FC20C /* Debug */ = {
			isa = XCBuildConfiguration;
			buildSettings = {
				ASSETCATALOG_COMPILER_APPICON_NAME = AppIcon;
				ASSETCATALOG_COMPILER_GLOBAL_ACCENT_COLOR_NAME = AccentColor;
				CODE_SIGN_STYLE = Automatic;
				CURRENT_PROJECT_VERSION = 1;
				DEVELOPMENT_ASSET_PATHS = "\"iOS-Assignment3/Preview Content\"";
				ENABLE_PREVIEWS = YES;
				GENERATE_INFOPLIST_FILE = YES;
				INFOPLIST_FILE = "iOS-Assignment3/Info.plist";
				INFOPLIST_KEY_CFBundleDisplayName = "Country Discovery";
				INFOPLIST_KEY_UIApplicationSceneManifest_Generation = YES;
				INFOPLIST_KEY_UIApplicationSupportsIndirectInputEvents = YES;
				INFOPLIST_KEY_UILaunchScreen_Generation = YES;
				INFOPLIST_KEY_UISupportedInterfaceOrientations_iPad = "UIInterfaceOrientationPortrait UIInterfaceOrientationPortraitUpsideDown UIInterfaceOrientationLandscapeLeft UIInterfaceOrientationLandscapeRight";
				INFOPLIST_KEY_UISupportedInterfaceOrientations_iPhone = "UIInterfaceOrientationPortrait UIInterfaceOrientationLandscapeLeft UIInterfaceOrientationLandscapeRight";
				IPHONEOS_DEPLOYMENT_TARGET = 17.2;
				LD_RUNPATH_SEARCH_PATHS = (
					"$(inherited)",
					"@executable_path/Frameworks",
				);
				MARKETING_VERSION = 1.0;
				PRODUCT_BUNDLE_IDENTIFIER = "au.edu.uts.iOS-Assignment3";
				PRODUCT_NAME = "$(TARGET_NAME)";
				SWIFT_EMIT_LOC_STRINGS = YES;
				SWIFT_VERSION = 5.0;
				TARGETED_DEVICE_FAMILY = "1,2";
			};
			name = Debug;
		};
		CB4D2B8C2BDB44BD004FC20C /* Release */ = {
			isa = XCBuildConfiguration;
			buildSettings = {
				ASSETCATALOG_COMPILER_APPICON_NAME = AppIcon;
				ASSETCATALOG_COMPILER_GLOBAL_ACCENT_COLOR_NAME = AccentColor;
				CODE_SIGN_STYLE = Automatic;
				CURRENT_PROJECT_VERSION = 1;
				DEVELOPMENT_ASSET_PATHS = "\"iOS-Assignment3/Preview Content\"";
				ENABLE_PREVIEWS = YES;
				GENERATE_INFOPLIST_FILE = YES;
				INFOPLIST_FILE = "iOS-Assignment3/Info.plist";
				INFOPLIST_KEY_CFBundleDisplayName = "Country Discovery";
				INFOPLIST_KEY_UIApplicationSceneManifest_Generation = YES;
				INFOPLIST_KEY_UIApplicationSupportsIndirectInputEvents = YES;
				INFOPLIST_KEY_UILaunchScreen_Generation = YES;
				INFOPLIST_KEY_UISupportedInterfaceOrientations_iPad = "UIInterfaceOrientationPortrait UIInterfaceOrientationPortraitUpsideDown UIInterfaceOrientationLandscapeLeft UIInterfaceOrientationLandscapeRight";
				INFOPLIST_KEY_UISupportedInterfaceOrientations_iPhone = "UIInterfaceOrientationPortrait UIInterfaceOrientationLandscapeLeft UIInterfaceOrientationLandscapeRight";
				IPHONEOS_DEPLOYMENT_TARGET = 17.2;
				LD_RUNPATH_SEARCH_PATHS = (
					"$(inherited)",
					"@executable_path/Frameworks",
				);
				MARKETING_VERSION = 1.0;
				PRODUCT_BUNDLE_IDENTIFIER = "au.edu.uts.iOS-Assignment3";
				PRODUCT_NAME = "$(TARGET_NAME)";
				SWIFT_EMIT_LOC_STRINGS = YES;
				SWIFT_VERSION = 5.0;
				TARGETED_DEVICE_FAMILY = "1,2";
			};
			name = Release;
		};
/* End XCBuildConfiguration section */

/* Begin XCConfigurationList section */
		CB4D2B772BDB44BC004FC20C /* Build configuration list for PBXProject "iOS-Assignment3" */ = {
			isa = XCConfigurationList;
			buildConfigurations = (
				CB4D2B882BDB44BD004FC20C /* Debug */,
				CB4D2B892BDB44BD004FC20C /* Release */,
			);
			defaultConfigurationIsVisible = 0;
			defaultConfigurationName = Release;
		};
		CB4D2B8A2BDB44BD004FC20C /* Build configuration list for PBXNativeTarget "iOS-Assignment3" */ = {
			isa = XCConfigurationList;
			buildConfigurations = (
				CB4D2B8B2BDB44BD004FC20C /* Debug */,
				CB4D2B8C2BDB44BD004FC20C /* Release */,
			);
			defaultConfigurationIsVisible = 0;
			defaultConfigurationName = Release;
		};
/* End XCConfigurationList section */
	};
	rootObject = CB4D2B742BDB44BC004FC20C /* Project object */;
}
